
Microsoft Visual Studio Solution File, Format Version 12.00
# Visual Studio Version 17
VisualStudioVersion = 17.9.34728.123
MinimumVisualStudioVersion = 10.0.40219.1
Project("{888888A0-9F3D-457C-B088-3A5042F75D52}") = "security-deposit-caisonlewis", "security-deposit-caisonlewis\security-deposit-caisonlewis.pyproj", "{B3BECF5F-C281-437B-9795-F47E10D3C6BE}"
EndProject
Global
	GlobalSection(SolutionConfigurationPlatforms) = preSolution
		Debug|Any CPU = Debug|Any CPU
		Release|Any CPU = Release|Any CPU
	EndGlobalSection
	GlobalSection(ProjectConfigurationPlatforms) = postSolution
		{B3BECF5F-C281-437B-9795-F47E10D3C6BE}.Debug|Any CPU.ActiveCfg = Debug|Any CPU
		{B3BECF5F-C281-437B-9795-F47E10D3C6BE}.Release|Any CPU.ActiveCfg = Release|Any CPU
	EndGlobalSection
	GlobalSection(SolutionProperties) = preSolution
		HideSolutionNode = FALSE
	EndGlobalSection
	GlobalSection(ExtensibilityGlobals) = postSolution
		SolutionGuid = {D52B862A-105C-4C07-AA79-77D4EC1DF5F7}
	EndGlobalSection
EndGlobal
